
Microsoft Visual Studio Solution File, Format Version 12.00
# Visual Studio 15
VisualStudioVersion = 15.0.28307.1062
MinimumVisualStudioVersion = 10.0.40219.1
Project("{8BC9CEB8-8B4A-11D0-8D11-00A0C91BC942}") = "PrintKey", "PrintKey.vcxproj", "{AA3213DC-A769-4731-A3D6-8290C058B461}"
EndProject
Global
	GlobalSection(SolutionConfigurationPlatforms) = preSolution
		Debug|x64 = Debug|x64
		Debug|x86 = Debug|x86
		Release|x64 = Release|x64
		Release|x86 = Release|x86
	EndGlobalSection
	GlobalSection(ProjectConfigurationPlatforms) = postSolution
		{AA3213DC-A769-4731-A3D6-8290C058B461}.Debug|x64.ActiveCfg = Debug|x64
		{AA3213DC-A769-4731-A3D6-8290C058B461}.Debug|x64.Build.0 = Debug|x64
		{AA3213DC-A769-4731-A3D6-8290C058B461}.Debug|x86.ActiveCfg = Debug|Win32
		{AA3213DC-A769-4731-A3D6-8290C058B461}.Debug|x86.Build.0 = Debug|Win32
		{AA3213DC-A769-4731-A3D6-8290C058B461}.Release|x64.ActiveCfg = Release|x64
		{AA3213DC-A769-4731-A3D6-8290C058B461}.Release|x64.Build.0 = Release|x64
		{AA3213DC-A769-4731-A3D6-8290C058B461}.Release|x86.ActiveCfg = Release|Win32
		{AA3213DC-A769-4731-A3D6-8290C058B461}.Release|x86.Build.0 = Release|Win32
	EndGlobalSection
	GlobalSection(SolutionProperties) = preSolution
		HideSolutionNode = FALSE
	EndGlobalSection
	GlobalSection(ExtensibilityGlobals) = postSolution
		SolutionGuid = {48A18DA0-A2B9-4DC8-A7DE-14A6AB0C806D}
	EndGlobalSection
EndGlobal
